
Microsoft Visual Studio Solution File, Format Version 12.00
# Visual Studio Version 17
VisualStudioVersion = 17.3.32901.215
MinimumVisualStudioVersion = 10.0.40219.1
Project("{FAE04EC0-301F-11D3-BF4B-00C04F79EFBC}") = "assignment8", "assignment8\assignment8.csproj", "{A8011FA1-5834-45CB-B6B2-552502EA9E6A}"
EndProject
Global
	GlobalSection(SolutionConfigurationPlatforms) = preSolution
		Debug|Any CPU = Debug|Any CPU
		Release|Any CPU = Release|Any CPU
	EndGlobalSection
	GlobalSection(ProjectConfigurationPlatforms) = postSolution
		{A8011FA1-5834-45CB-B6B2-552502EA9E6A}.Debug|Any CPU.ActiveCfg = Debug|Any CPU
		{A8011FA1-5834-45CB-B6B2-552502EA9E6A}.Debug|Any CPU.Build.0 = Debug|Any CPU
		{A8011FA1-5834-45CB-B6B2-552502EA9E6A}.Release|Any CPU.ActiveCfg = Release|Any CPU
		{A8011FA1-5834-45CB-B6B2-552502EA9E6A}.Release|Any CPU.Build.0 = Release|Any CPU
	EndGlobalSection
	GlobalSection(SolutionProperties) = preSolution
		HideSolutionNode = FALSE
	EndGlobalSection
	GlobalSection(ExtensibilityGlobals) = postSolution
		SolutionGuid = {8C5B82B6-88C5-4821-95C1-5DBA4290B942}
	EndGlobalSection
EndGlobal
